{
  "name": "rooms-madrid-mvp",
  "version": "1.0.0",
  "lockfileVersion": 3,
  "requires": true,
  "packages": {
    "": {
      "name": "rooms-madrid-mvp",
      "version": "1.0.0",
      "dependencies": {
        "dotenv": "^18.0.3",
        "leaflet": "^1.9.4"
      },
      "engines": {
        "node": ">=18"
      }
    },
    "node_modules/dotenv": {
      "version": "18.0.3",
      "resolved": "https://registry.npmjs.org/dotenv/-/dotenv-18.0.3.tgz",
      "integrity": "sha512-/8CJTyL817qPnfbQrJgOEcrU3fDrJkRIoXBE566wHuvIXKOCHUZhPqGPbCPi9SogjdGnreF0TlvnTgK6J/8zpA==",
      "license": "BSD-2-Clause",
      "bin": {
        "dotenv": "dist/index.cjs"
      },
      "engines": {
        "node": ">=12"
      },
      "funding": {
        "url": "https://dotenvx.com"
      }
    },
    "node_modules/leaflet": {
      "version": "1.9.4",
      "resolved": "https://registry.npmjs.org/leaflet/-/leaflet-1.9.4.tgz",
      "integrity": "sha512-nxS1ynzJOmOlHp+iL3FyWqK89GtNL8U8rvlMOsQdTTssxZwCXh8N2NB3GDQOL+YR3XnWyZAxwQixURb+FA74PA==",
      "license": "BSD-2-Clause"
    }
  }
}
